// !$*UTF8*$!
{
	archiveVersion = 1;
	classes = {
	};
	objectVersion = 46;
	objects = {

/* Begin PBXBuildFile section */
		5915971518C219A80075412B /* ChecklistItem.m in Sources */ = {isa = PBXBuildFile; fileRef = 5915971418C219A80075412B /* ChecklistItem.m */; };
		5915971818C2E7FF0075412B /* ItemDetailViewController.m in Sources */ = {isa = PBXBuildFile; fileRef = 5915971718C2E7FF0075412B /* ItemDetailViewController.m */; };
		597540A918CE020E00DAF71A /* ListDetailViewController.m in Sources */ = {isa = PBXBuildFile; fileRef = 597540A818CE020E00DAF71A /* ListDetailViewController.m */; };
		5991F29618CF49E00086F477 /* DataModel.m in Sources */ = {isa = PBXBuildFile; fileRef = 5991F29518CF49E00086F477 /* DataModel.m */; };
		59A5235318C0DF3F00D6678F /* Foundation.framework in Frameworks */ = {isa = PBXBuildFile; fileRef = 59A5235218C0DF3F00D6678F /* Foundation.framework */; };
		59A5235518C0DF3F00D6678F /* CoreGraphics.framework in Frameworks */ = {isa = PBXBuildFile; fileRef = 59A5235418C0DF3F00D6678F /* CoreGraphics.framework */; };
		59A5235718C0DF3F00D6678F /* UIKit.framework in Frameworks */ = {isa = PBXBuildFile; fileRef = 59A5235618C0DF3F00D6678F /* UIKit.framework */; };
		59A5235D18C0DF3F00D6678F /* InfoPlist.strings in Resources */ = {isa = PBXBuildFile; fileRef = 59A5235B18C0DF3F00D6678F /* InfoPlist.strings */; };
		59A5235F18C0DF3F00D6678F /* main.m in Sources */ = {isa = PBXBuildFile; fileRef = 59A5235E18C0DF3F00D6678F /* main.m */; };
		59A5236318C0DF3F00D6678F /* ChecklistsAppDelegate.m in Sources */ = {isa = PBXBuildFile; fileRef = 59A5236218C0DF3F00D6678F /* ChecklistsAppDelegate.m */; };
		59A5236618C0DF3F00D6678F /* Main.storyboard in Resources */ = {isa = PBXBuildFile; fileRef = 59A5236418C0DF3F00D6678F /* Main.storyboard */; };
		59A5236918C0DF3F00D6678F /* ChecklistViewController.m in Sources */ = {isa = PBXBuildFile; fileRef = 59A5236818C0DF3F00D6678F /* ChecklistViewController.m */; };
		59A5236B18C0DF3F00D6678F /* Images.xcassets in Resources */ = {isa = PBXBuildFile; fileRef = 59A5236A18C0DF3F00D6678F /* Images.xcassets */; };
		59A5237218C0DF3F00D6678F /* XCTest.framework in Frameworks */ = {isa = PBXBuildFile; fileRef = 59A5237118C0DF3F00D6678F /* XCTest.framework */; };
		59A5237318C0DF3F00D6678F /* Foundation.framework in Frameworks */ = {isa = PBXBuildFile; fileRef = 59A5235218C0DF3F00D6678F /* Foundation.framework */; };
		59A5237418C0DF3F00D6678F /* UIKit.framework in Frameworks */ = {isa = PBXBuildFile; fileRef = 59A5235618C0DF3F00D6678F /* UIKit.framework */; };
		59A5237C18C0DF3F00D6678F /* InfoPlist.strings in Resources */ = {isa = PBXBuildFile; fileRef = 59A5237A18C0DF3F00D6678F /* InfoPlist.strings */; };
		59A5237E18C0DF3F00D6678F /* ChecklistsTests.m in Sources */ = {isa = PBXBuildFile; fileRef = 59A5237D18C0DF3F00D6678F /* ChecklistsTests.m */; };
		59DD7E2918CD64E400F7FE9D /* AllListsViewController.m in Sources */ = {isa = PBXBuildFile; fileRef = 59DD7E2818CD64E400F7FE9D /* AllListsViewController.m */; };
		59DD7E2C18CD9CBA00F7FE9D /* Checklist.m in Sources */ = {isa = PBXBuildFile; fileRef = 59DD7E2B18CD9CBA00F7FE9D /* Checklist.m */; };
		59E31D6B18D048F600F03728 /* IconPickerViewController.m in Sources */ = {isa = PBXBuildFile; fileRef = 59E31D6A18D048F600F03728 /* IconPickerViewController.m */; };
/* End PBXBuildFile section */

/* Begin PBXContainerItemProxy section */
		59A5237518C0DF3F00D6678F /* PBXContainerItemProxy */ = {
			isa = PBXContainerItemProxy;
			containerPortal = 59A5234718C0DF3F00D6678F /* Project object */;
			proxyType = 1;
			remoteGlobalIDString = 59A5234E18C0DF3F00D6678F;
			remoteInfo = Checklists;
		};
/* End PBXContainerItemProxy section */

/* Begin PBXFileReference section */
		5915971318C219A80075412B /* ChecklistItem.h */ = {isa = PBXFileReference; fileEncoding = 4; lastKnownFileType = sourcecode.c.h; path = ChecklistItem.h; sourceTree = "<group>"; };
		5915971418C219A80075412B /* ChecklistItem.m */ = {isa = PBXFileReference; fileEncoding = 4; lastKnownFileType = sourcecode.c.objc; path = ChecklistItem.m; sourceTree = "<group>"; };
		5915971618C2E7FF0075412B /* ItemDetailViewController.h */ = {isa = PBXFileReference; fileEncoding = 4; lastKnownFileType = sourcecode.c.h; path = ItemDetailViewController.h; sourceTree = "<group>"; };
		5915971718C2E7FF0075412B /* ItemDetailViewController.m */ = {isa = PBXFileReference; fileEncoding = 4; lastKnownFileType = sourcecode.c.objc; path = ItemDetailViewController.m; sourceTree = "<group>"; };
		597540A718CE020E00DAF71A /* ListDetailViewController.h */ = {isa = PBXFileReference; fileEncoding = 4; lastKnownFileType = sourcecode.c.h; path = ListDetailViewController.h; sourceTree = "<group>"; };
		597540A818CE020E00DAF71A /* ListDetailViewController.m */ = {isa = PBXFileReference; fileEncoding = 4; lastKnownFileType = sourcecode.c.objc; path = ListDetailViewController.m; sourceTree = "<group>"; };
		5991F29418CF49E00086F477 /* DataModel.h */ = {isa = PBXFileReference; fileEncoding = 4; lastKnownFileType = sourcecode.c.h; path = DataModel.h; sourceTree = "<group>"; };
		5991F29518CF49E00086F477 /* DataModel.m */ = {isa = PBXFileReference; fileEncoding = 4; lastKnownFileType = sourcecode.c.objc; path = DataModel.m; sourceTree = "<group>"; };
		59A5234F18C0DF3F00D6678F /* Checklists.app */ = {isa = PBXFileReference; explicitFileType = wrapper.application; includeInIndex = 0; path = Checklists.app; sourceTree = BUILT_PRODUCTS_DIR; };
		59A5235218C0DF3F00D6678F /* Foundation.framework */ = {isa = PBXFileReference; lastKnownFileType = wrapper.framework; name = Foundation.framework; path = System/Library/Frameworks/Foundation.framework; sourceTree = SDKROOT; };
		59A5235418C0DF3F00D6678F /* CoreGraphics.framework */ = {isa = PBXFileReference; lastKnownFileType = wrapper.framework; name = CoreGraphics.framework; path = System/Library/Frameworks/CoreGraphics.framework; sourceTree = SDKROOT; };
		59A5235618C0DF3F00D6678F /* UIKit.framework */ = {isa = PBXFileReference; lastKnownFileType = wrapper.framework; name = UIKit.framework; path = System/Library/Frameworks/UIKit.framework; sourceTree = SDKROOT; };
		59A5235A18C0DF3F00D6678F /* Checklists-Info.plist */ = {isa = PBXFileReference; lastKnownFileType = text.plist.xml; path = "Checklists-Info.plist"; sourceTree = "<group>"; };
		59A5235C18C0DF3F00D6678F /* en */ = {isa = PBXFileReference; lastKnownFileType = text.plist.strings; name = en; path = en.lproj/InfoPlist.strings; sourceTree = "<group>"; };
		59A5235E18C0DF3F00D6678F /* main.m */ = {isa = PBXFileReference; lastKnownFileType = sourcecode.c.objc; path = main.m; sourceTree = "<group>"; };
		59A5236018C0DF3F00D6678F /* Checklists-Prefix.pch */ = {isa = PBXFileReference; lastKnownFileType = sourcecode.c.h; path = "Checklists-Prefix.pch"; sourceTree = "<group>"; };
		59A5236118C0DF3F00D6678F /* ChecklistsAppDelegate.h */ = {isa = PBXFileReference; lastKnownFileType = sourcecode.c.h; path = ChecklistsAppDelegate.h; sourceTree = "<group>"; };
		59A5236218C0DF3F00D6678F /* ChecklistsAppDelegate.m */ = {isa = PBXFileReference; lastKnownFileType = sourcecode.c.objc; path = ChecklistsAppDelegate.m; sourceTree = "<group>"; };
		59A5236518C0DF3F00D6678F /* Base */ = {isa = PBXFileReference; lastKnownFileType = file.storyboard; name = Base; path = Base.lproj/Main.storyboard; sourceTree = "<group>"; };
		59A5236718C0DF3F00D6678F /* ChecklistViewController.h */ = {isa = PBXFileReference; lastKnownFileType = sourcecode.c.h; path = ChecklistViewController.h; sourceTree = "<group>"; };
		59A5236818C0DF3F00D6678F /* ChecklistViewController.m */ = {isa = PBXFileReference; lastKnownFileType = sourcecode.c.objc; path = ChecklistViewController.m; sourceTree = "<group>"; };
		59A5236A18C0DF3F00D6678F /* Images.xcassets */ = {isa = PBXFileReference; lastKnownFileType = folder.assetcatalog; path = Images.xcassets; sourceTree = "<group>"; };
		59A5237018C0DF3F00D6678F /* ChecklistsTests.xctest */ = {isa = PBXFileReference; explicitFileType = wrapper.cfbundle; includeInIndex = 0; path = ChecklistsTests.xctest; sourceTree = BUILT_PRODUCTS_DIR; };
		59A5237118C0DF3F00D6678F /* XCTest.framework */ = {isa = PBXFileReference; lastKnownFileType = wrapper.framework; name = XCTest.framework; path = Library/Frameworks/XCTest.framework; sourceTree = DEVELOPER_DIR; };
		59A5237918C0DF3F00D6678F /* ChecklistsTests-Info.plist */ = {isa = PBXFileReference; lastKnownFileType = text.plist.xml; path = "ChecklistsTests-Info.plist"; sourceTree = "<group>"; };
		59A5237B18C0DF3F00D6678F /* en */ = {isa = PBXFileReference; lastKnownFileType = text.plist.strings; name = en; path = en.lproj/InfoPlist.strings; sourceTree = "<group>"; };
		59A5237D18C0DF3F00D6678F /* ChecklistsTests.m */ = {isa = PBXFileReference; lastKnownFileType = sourcecode.c.objc; path = ChecklistsTests.m; sourceTree = "<group>"; };
		59DD7E2718CD64E400F7FE9D /* AllListsViewController.h */ = {isa = PBXFileReference; fileEncoding = 4; lastKnownFileType = sourcecode.c.h; path = AllListsViewController.h; sourceTree = "<group>"; };
		59DD7E2818CD64E400F7FE9D /* AllListsViewController.m */ = {isa = PBXFileReference; fileEncoding = 4; lastKnownFileType = sourcecode.c.objc; path = AllListsViewController.m; sourceTree = "<group>"; };
		59DD7E2A18CD9CBA00F7FE9D /* Checklist.h */ = {isa = PBXFileReference; fileEncoding = 4; lastKnownFileType = sourcecode.c.h; path = Checklist.h; sourceTree = "<group>"; };
		59DD7E2B18CD9CBA00F7FE9D /* Checklist.m */ = {isa = PBXFileReference; fileEncoding = 4; lastKnownFileType = sourcecode.c.objc; path = Checklist.m; sourceTree = "<group>"; };
		59E31D6918D048F600F03728 /* IconPickerViewController.h */ = {isa = PBXFileReference; fileEncoding = 4; lastKnownFileType = sourcecode.c.h; path = IconPickerViewController.h; sourceTree = "<group>"; };
		59E31D6A18D048F600F03728 /* IconPickerViewController.m */ = {isa = PBXFileReference; fileEncoding = 4; lastKnownFileType = sourcecode.c.objc; path = IconPickerViewController.m; sourceTree = "<group>"; };
/* End PBXFileReference section */

/* Begin PBXFrameworksBuildPhase section */
		59A5234C18C0DF3F00D6678F /* Frameworks */ = {
			isa = PBXFrameworksBuildPhase;
			buildActionMask = 2147483647;
			files = (
				59A5235518C0DF3F00D6678F /* CoreGraphics.framework in Frameworks */,
				59A5235718C0DF3F00D6678F /* UIKit.framework in Frameworks */,
				59A5235318C0DF3F00D6678F /* Foundation.framework in Frameworks */,
			);
			runOnlyForDeploymentPostprocessing = 0;
		};
		59A5236D18C0DF3F00D6678F /* Frameworks */ = {
			isa = PBXFrameworksBuildPhase;
			buildActionMask = 2147483647;
			files = (
				59A5237218C0DF3F00D6678F /* XCTest.framework in Frameworks */,
				59A5237418C0DF3F00D6678F /* UIKit.framework in Frameworks */,
				59A5237318C0DF3F00D6678F /* Foundation.framework in Frameworks */,
			);
			runOnlyForDeploymentPostprocessing = 0;
		};
/* End PBXFrameworksBuildPhase section */

/* Begin PBXGroup section */
		59A5234618C0DF3F00D6678F = {
			isa = PBXGroup;
			children = (
				59A5235818C0DF3F00D6678F /* Checklists */,
				59A5237718C0DF3F00D6678F /* ChecklistsTests */,
				59A5235118C0DF3F00D6678F /* Frameworks */,
				59A5235018C0DF3F00D6678F /* Products */,
			);
			sourceTree = "<group>";
		};
		59A5235018C0DF3F00D6678F /* Products */ = {
			isa = PBXGroup;
			children = (
				59A5234F18C0DF3F00D6678F /* Checklists.app */,
				59A5237018C0DF3F00D6678F /* ChecklistsTests.xctest */,
			);
			name = Products;
			sourceTree = "<group>";
		};
		59A5235118C0DF3F00D6678F /* Frameworks */ = {
			isa = PBXGroup;
			children = (
				59A5235218C0DF3F00D6678F /* Foundation.framework */,
				59A5235418C0DF3F00D6678F /* CoreGraphics.framework */,
				59A5235618C0DF3F00D6678F /* UIKit.framework */,
				59A5237118C0DF3F00D6678F /* XCTest.framework */,
			);
			name = Frameworks;
			sourceTree = "<group>";
		};
		59A5235818C0DF3F00D6678F /* Checklists */ = {
			isa = PBXGroup;
			children = (
				59A5236118C0DF3F00D6678F /* ChecklistsAppDelegate.h */,
				59A5236218C0DF3F00D6678F /* ChecklistsAppDelegate.m */,
				59A5236418C0DF3F00D6678F /* Main.storyboard */,
				59A5236718C0DF3F00D6678F /* ChecklistViewController.h */,
				59A5236818C0DF3F00D6678F /* ChecklistViewController.m */,
				59DD7E2718CD64E400F7FE9D /* AllListsViewController.h */,
				59DD7E2818CD64E400F7FE9D /* AllListsViewController.m */,
				59A5236A18C0DF3F00D6678F /* Images.xcassets */,
				59A5235918C0DF3F00D6678F /* Supporting Files */,
				5915971318C219A80075412B /* ChecklistItem.h */,
				5915971418C219A80075412B /* ChecklistItem.m */,
				5915971618C2E7FF0075412B /* ItemDetailViewController.h */,
				5915971718C2E7FF0075412B /* ItemDetailViewController.m */,
				59DD7E2A18CD9CBA00F7FE9D /* Checklist.h */,
				59DD7E2B18CD9CBA00F7FE9D /* Checklist.m */,
				597540A718CE020E00DAF71A /* ListDetailViewController.h */,
				597540A818CE020E00DAF71A /* ListDetailViewController.m */,
				5991F29418CF49E00086F477 /* DataModel.h */,
				5991F29518CF49E00086F477 /* DataModel.m */,
				59E31D6918D048F600F03728 /* IconPickerViewController.h */,
				59E31D6A18D048F600F03728 /* IconPickerViewController.m */,
			);
			path = Checklists;
			sourceTree = "<group>";
		};
		59A5235918C0DF3F00D6678F /* Supporting Files */ = {
			isa = PBXGroup;
			children = (
				59A5235A18C0DF3F00D6678F /* Checklists-Info.plist */,
				59A5235B18C0DF3F00D6678F /* InfoPlist.strings */,
				59A5235E18C0DF3F00D6678F /* main.m */,
				59A5236018C0DF3F00D6678F /* Checklists-Prefix.pch */,
			);
			name = "Supporting Files";
			sourceTree = "<group>";
		};
		59A5237718C0DF3F00D6678F /* ChecklistsTests */ = {
			isa = PBXGroup;
			children = (
				59A5237D18C0DF3F00D6678F /* ChecklistsTests.m */,
				59A5237818C0DF3F00D6678F /* Supporting Files */,
			);
			path = ChecklistsTests;
			sourceTree = "<group>";
		};
		59A5237818C0DF3F00D6678F /* Supporting Files */ = {
			isa = PBXGroup;
			children = (
				59A5237918C0DF3F00D6678F /* ChecklistsTests-Info.plist */,
				59A5237A18C0DF3F00D6678F /* InfoPlist.strings */,
			);
			name = "Supporting Files";
			sourceTree = "<group>";
		};
/* End PBXGroup section */

/* Begin PBXNativeTarget section */
		59A5234E18C0DF3F00D6678F /* Checklists */ = {
			isa = PBXNativeTarget;
			buildConfigurationList = 59A5238118C0DF3F00D6678F /* Build configuration list for PBXNativeTarget "Checklists" */;
			buildPhases = (
				59A5234B18C0DF3F00D6678F /* Sources */,
				59A5234C18C0DF3F00D6678F /* Frameworks */,
				59A5234D18C0DF3F00D6678F /* Resources */,
			);
			buildRules = (
			);
			dependencies = (
			);
			name = Checklists;
			productName = Checklists;
			productReference = 59A5234F18C0DF3F00D6678F /* Checklists.app */;
			productType = "com.apple.product-type.application";
		};
		59A5236F18C0DF3F00D6678F /* ChecklistsTests */ = {
			isa = PBXNativeTarget;
			buildConfigurationList = 59A5238418C0DF3F00D6678F /* Build configuration list for PBXNativeTarget "ChecklistsTests" */;
			buildPhases = (
				59A5236C18C0DF3F00D6678F /* Sources */,
				59A5236D18C0DF3F00D6678F /* Frameworks */,
				59A5236E18C0DF3F00D6678F /* Resources */,
			);
			buildRules = (
			);
			dependencies = (
				59A5237618C0DF3F00D6678F /* PBXTargetDependency */,
			);
			name = ChecklistsTests;
			productName = ChecklistsTests;
			productReference = 59A5237018C0DF3F00D6678F /* ChecklistsTests.xctest */;
			productType = "com.apple.product-type.bundle.unit-test";
		};
/* End PBXNativeTarget section */

/* Begin PBXProject section */
		59A5234718C0DF3F00D6678F /* Project object */ = {
			isa = PBXProject;
			attributes = {
				CLASSPREFIX = Checklists;
				LastUpgradeCheck = 0500;
				ORGANIZATIONNAME = freshlhy;
				TargetAttributes = {
					59A5236F18C0DF3F00D6678F = {
						TestTargetID = 59A5234E18C0DF3F00D6678F;
					};
				};
			};
			buildConfigurationList = 59A5234A18C0DF3F00D6678F /* Build configuration list for PBXProject "Checklists" */;
			compatibilityVersion = "Xcode 3.2";
			developmentRegion = English;
			hasScannedForEncodings = 0;
			knownRegions = (
				en,
				Base,
			);
			mainGroup = 59A5234618C0DF3F00D6678F;
			productRefGroup = 59A5235018C0DF3F00D6678F /* Products */;
			projectDirPath = "";
			projectRoot = "";
			targets = (
				59A5234E18C0DF3F00D6678F /* Checklists */,
				59A5236F18C0DF3F00D6678F /* ChecklistsTests */,
			);
		};
/* End PBXProject section */

/* Begin PBXResourcesBuildPhase section */
		59A5234D18C0DF3F00D6678F /* Resources */ = {
			isa = PBXResourcesBuildPhase;
			buildActionMask = 2147483647;
			files = (
				59A5236B18C0DF3F00D6678F /* Images.xcassets in Resources */,
				59A5235D18C0DF3F00D6678F /* InfoPlist.strings in Resources */,
				59A5236618C0DF3F00D6678F /* Main.storyboard in Resources */,
			);
			runOnlyForDeploymentPostprocessing = 0;
		};
		59A5236E18C0DF3F00D6678F /* Resources */ = {
			isa = PBXResourcesBuildPhase;
			buildActionMask = 2147483647;
			files = (
				59A5237C18C0DF3F00D6678F /* InfoPlist.strings in Resources */,
			);
			runOnlyForDeploymentPostprocessing = 0;
		};
/* End PBXResourcesBuildPhase section */

/* Begin PBXSourcesBuildPhase section */
		59A5234B18C0DF3F00D6678F /* Sources */ = {
			isa = PBXSourcesBuildPhase;
			buildActionMask = 2147483647;
			files = (
				59A5235F18C0DF3F00D6678F /* main.m in Sources */,
				59E31D6B18D048F600F03728 /* IconPickerViewController.m in Sources */,
				59A5236318C0DF3F00D6678F /* ChecklistsAppDelegate.m in Sources */,
				5991F29618CF49E00086F477 /* DataModel.m in Sources */,
				59DD7E2918CD64E400F7FE9D /* AllListsViewController.m in Sources */,
				597540A918CE020E00DAF71A /* ListDetailViewController.m in Sources */,
				59A5236918C0DF3F00D6678F /* ChecklistViewController.m in Sources */,
				5915971818C2E7FF0075412B /* ItemDetailViewController.m in Sources */,
				5915971518C219A80075412B /* ChecklistItem.m in Sources */,
				59DD7E2C18CD9CBA00F7FE9D /* Checklist.m in Sources */,
			);
			runOnlyForDeploymentPostprocessing = 0;
		};
		59A5236C18C0DF3F00D6678F /* Sources */ = {
			isa = PBXSourcesBuildPhase;
			buildActionMask = 2147483647;
			files = (
				59A5237E18C0DF3F00D6678F /* ChecklistsTests.m in Sources */,
			);
			runOnlyForDeploymentPostprocessing = 0;
		};
/* End PBXSourcesBuildPhase section */

/* Begin PBXTargetDependency section */
		59A5237618C0DF3F00D6678F /* PBXTargetDependency */ = {
			isa = PBXTargetDependency;
			target = 59A5234E18C0DF3F00D6678F /* Checklists */;
			targetProxy = 59A5237518C0DF3F00D6678F /* PBXContainerItemProxy */;
		};
/* End PBXTargetDependency section */

/* Begin PBXVariantGroup section */
		59A5235B18C0DF3F00D6678F /* InfoPlist.strings */ = {
			isa = PBXVariantGroup;
			children = (
				59A5235C18C0DF3F00D6678F /* en */,
			);
			name = InfoPlist.strings;
			sourceTree = "<group>";
		};
		59A5236418C0DF3F00D6678F /* Main.storyboard */ = {
			isa = PBXVariantGroup;
			children = (
				59A5236518C0DF3F00D6678F /* Base */,
			);
			name = Main.storyboard;
			sourceTree = "<group>";
		};
		59A5237A18C0DF3F00D6678F /* InfoPlist.strings */ = {
			isa = PBXVariantGroup;
			children = (
				59A5237B18C0DF3F00D6678F /* en */,
			);
			name = InfoPlist.strings;
			sourceTree = "<group>";
		};
/* End PBXVariantGroup section */

/* Begin XCBuildConfiguration section */
		59A5237F18C0DF3F00D6678F /* Debug */ = {
			isa = XCBuildConfiguration;
			buildSettings = {
				ALWAYS_SEARCH_USER_PATHS = NO;
				ARCHS = "$(ARCHS_STANDARD_INCLUDING_64_BIT)";
				CLANG_CXX_LANGUAGE_STANDARD = "gnu++0x";
				CLANG_CXX_LIBRARY = "libc++";
				CLANG_ENABLE_MODULES = YES;
				CLANG_ENABLE_OBJC_ARC = YES;
				CLANG_WARN_BOOL_CONVERSION = YES;
				CLANG_WARN_CONSTANT_CONVERSION = YES;
				CLANG_WARN_DIRECT_OBJC_ISA_USAGE = YES_ERROR;
				CLANG_WARN_EMPTY_BODY = YES;
				CLANG_WARN_ENUM_CONVERSION = YES;
				CLANG_WARN_INT_CONVERSION = YES;
				CLANG_WARN_OBJC_ROOT_CLASS = YES_ERROR;
				CLANG_WARN__DUPLICATE_METHOD_MATCH = YES;
				"CODE_SIGN_IDENTITY[sdk=iphoneos*]" = "iPhone Developer";
				COPY_PHASE_STRIP = NO;
				GCC_C_LANGUAGE_STANDARD = gnu99;
				GCC_DYNAMIC_NO_PIC = NO;
				GCC_OPTIMIZATION_LEVEL = 0;
				GCC_PREPROCESSOR_DEFINITIONS = (
					"DEBUG=1",
					"$(inherited)",
				);
				GCC_SYMBOLS_PRIVATE_EXTERN = NO;
				GCC_WARN_64_TO_32_BIT_CONVERSION = YES;
				GCC_WARN_ABOUT_RETURN_TYPE = YES_ERROR;
				GCC_WARN_UNDECLARED_SELECTOR = YES;
				GCC_WARN_UNINITIALIZED_AUTOS = YES;
				GCC_WARN_UNUSED_FUNCTION = YES;
				GCC_WARN_UNUSED_VARIABLE = YES;
				IPHONEOS_DEPLOYMENT_TARGET = 7.0;
				ONLY_ACTIVE_ARCH = YES;
				SDKROOT = iphoneos;
			};
			name = Debug;
		};
		59A5238018C0DF3F00D6678F /* Release */ = {
			isa = XCBuildConfiguration;
			buildSettings = {
				ALWAYS_SEARCH_USER_PATHS = NO;
				ARCHS = "$(ARCHS_STANDARD_INCLUDING_64_BIT)";
				CLANG_CXX_LANGUAGE_STANDARD = "gnu++0x";
				CLANG_CXX_LIBRARY = "libc++";
				CLANG_ENABLE_MODULES = YES;
				CLANG_ENABLE_OBJC_ARC = YES;
				CLANG_WARN_BOOL_CONVERSION = YES;
				CLANG_WARN_CONSTANT_CONVERSION = YES;
				CLANG_WARN_DIRECT_OBJC_ISA_USAGE = YES_ERROR;
				CLANG_WARN_EMPTY_BODY = YES;
				CLANG_WARN_ENUM_CONVERSION = YES;
				CLANG_WARN_INT_CONVERSION = YES;
				CLANG_WARN_OBJC_ROOT_CLASS = YES_ERROR;
				CLANG_WARN__DUPLICATE_METHOD_MATCH = YES;
				"CODE_SIGN_IDENTITY[sdk=iphoneos*]" = "iPhone Developer";
				COPY_PHASE_STRIP = YES;
				ENABLE_NS_ASSERTIONS = NO;
				GCC_C_LANGUAGE_STANDARD = gnu99;
				GCC_WARN_64_TO_32_BIT_CONVERSION = YES;
				GCC_WARN_ABOUT_RETURN_TYPE = YES_ERROR;
				GCC_WARN_UNDECLARED_SELECTOR = YES;
				GCC_WARN_UNINITIALIZED_AUTOS = YES;
				GCC_WARN_UNUSED_FUNCTION = YES;
				GCC_WARN_UNUSED_VARIABLE = YES;
				IPHONEOS_DEPLOYMENT_TARGET = 7.0;
				SDKROOT = iphoneos;
				VALIDATE_PRODUCT = YES;
			};
			name = Release;
		};
		59A5238218C0DF3F00D6678F /* Debug */ = {
			isa = XCBuildConfiguration;
			buildSettings = {
				ASSETCATALOG_COMPILER_APPICON_NAME = AppIcon;
				ASSETCATALOG_COMPILER_LAUNCHIMAGE_NAME = LaunchImage;
				GCC_PRECOMPILE_PREFIX_HEADER = YES;
				GCC_PREFIX_HEADER = "Checklists/Checklists-Prefix.pch";
				INFOPLIST_FILE = "Checklists/Checklists-Info.plist";
				PRODUCT_NAME = "$(TARGET_NAME)";
				WRAPPER_EXTENSION = app;
			};
			name = Debug;
		};
		59A5238318C0DF3F00D6678F /* Release */ = {
			isa = XCBuildConfiguration;
			buildSettings = {
				ASSETCATALOG_COMPILER_APPICON_NAME = AppIcon;
				ASSETCATALOG_COMPILER_LAUNCHIMAGE_NAME = LaunchImage;
				GCC_PRECOMPILE_PREFIX_HEADER = YES;
				GCC_PREFIX_HEADER = "Checklists/Checklists-Prefix.pch";
				INFOPLIST_FILE = "Checklists/Checklists-Info.plist";
				PRODUCT_NAME = "$(TARGET_NAME)";
				WRAPPER_EXTENSION = app;
			};
			name = Release;
		};
		59A5238518C0DF3F00D6678F /* Debug */ = {
			isa = XCBuildConfiguration;
			buildSettings = {
				ARCHS = "$(ARCHS_STANDARD_INCLUDING_64_BIT)";
				BUNDLE_LOADER = "$(BUILT_PRODUCTS_DIR)/Checklists.app/Checklists";
				FRAMEWORK_SEARCH_PATHS = (
					"$(SDKROOT)/Developer/Library/Frameworks",
					"$(inherited)",
					"$(DEVELOPER_FRAMEWORKS_DIR)",
				);
				GCC_PRECOMPILE_PREFIX_HEADER = YES;
				GCC_PREFIX_HEADER = "Checklists/Checklists-Prefix.pch";
				GCC_PREPROCESSOR_DEFINITIONS = (
					"DEBUG=1",
					"$(inherited)",
				);
				INFOPLIST_FILE = "ChecklistsTests/ChecklistsTests-Info.plist";
				PRODUCT_NAME = "$(TARGET_NAME)";
				TEST_HOST = "$(BUNDLE_LOADER)";
				WRAPPER_EXTENSION = xctest;
			};
			name = Debug;
		};
		59A5238618C0DF3F00D6678F /* Release */ = {
			isa = XCBuildConfiguration;
			buildSettings = {
				ARCHS = "$(ARCHS_STANDARD_INCLUDING_64_BIT)";
				BUNDLE_LOADER = "$(BUILT_PRODUCTS_DIR)/Checklists.app/Checklists";
				FRAMEWORK_SEARCH_PATHS = (
					"$(SDKROOT)/Developer/Library/Frameworks",
					"$(inherited)",
					"$(DEVELOPER_FRAMEWORKS_DIR)",
				);
				GCC_PRECOMPILE_PREFIX_HEADER = YES;
				GCC_PREFIX_HEADER = "Checklists/Checklists-Prefix.pch";
				INFOPLIST_FILE = "ChecklistsTests/ChecklistsTests-Info.plist";
				PRODUCT_NAME = "$(TARGET_NAME)";
				TEST_HOST = "$(BUNDLE_LOADER)";
				WRAPPER_EXTENSION = xctest;
			};
			name = Release;
		};
/* End XCBuildConfiguration section */

/* Begin XCConfigurationList section */
		59A5234A18C0DF3F00D6678F /* Build configuration list for PBXProject "Checklists" */ = {
			isa = XCConfigurationList;
			buildConfigurations = (
				59A5237F18C0DF3F00D6678F /* Debug */,
				59A5238018C0DF3F00D6678F /* Release */,
			);
			defaultConfigurationIsVisible = 0;
			defaultConfigurationName = Release;
		};
		59A5238118C0DF3F00D6678F /* Build configuration list for PBXNativeTarget "Checklists" */ = {
			isa = XCConfigurationList;
			buildConfigurations = (
				59A5238218C0DF3F00D6678F /* Debug */,
				59A5238318C0DF3F00D6678F /* Release */,
			);
			defaultConfigurationIsVisible = 0;
			defaultConfigurationName = Release;
		};
		59A5238418C0DF3F00D6678F /* Build configuration list for PBXNativeTarget "ChecklistsTests" */ = {
			isa = XCConfigurationList;
			buildConfigurations = (
				59A5238518C0DF3F00D6678F /* Debug */,
				59A5238618C0DF3F00D6678F /* Release */,
			);
			defaultConfigurationIsVisible = 0;
			defaultConfigurationName = Release;
		};
/* End XCConfigurationList section */
	};
	rootObject = 59A5234718C0DF3F00D6678F /* Project object */;
}
